// !$*UTF8*$!
{
	archiveVersion = 1;
	classes = {
	};
	objectVersion = 50;
	objects = {

/* Begin PBXBuildFile section */
		B713BE6820F0C69F00CFE69B /* desen.jpg in Resources */ = {isa = PBXBuildFile; fileRef = B713BE6720F0C69F00CFE69B /* desen.jpg */; };
		B7374FC620BF349C00BABE50 /* AppDelegate.swift in Sources */ = {isa = PBXBuildFile; fileRef = B7374FC520BF349C00BABE50 /* AppDelegate.swift */; };
		B7374FC820BF349C00BABE50 /* ViewController.swift in Sources */ = {isa = PBXBuildFile; fileRef = B7374FC720BF349C00BABE50 /* ViewController.swift */; };
		B7374FCB20BF349C00BABE50 /* Main.storyboard in Resources */ = {isa = PBXBuildFile; fileRef = B7374FC920BF349C00BABE50 /* Main.storyboard */; };
		B7374FCD20BF349C00BABE50 /* Assets.xcassets in Resources */ = {isa = PBXBuildFile; fileRef = B7374FCC20BF349C00BABE50 /* Assets.xcassets */; };
		B7374FD020BF349C00BABE50 /* LaunchScreen.storyboard in Resources */ = {isa = PBXBuildFile; fileRef = B7374FCE20BF349C00BABE50 /* LaunchScreen.storyboard */; };
/* End PBXBuildFile section */

/* Begin PBXFileReference section */
		B713BE6720F0C69F00CFE69B /* desen.jpg */ = {isa = PBXFileReference; lastKnownFileType = image.jpeg; path = desen.jpg; sourceTree = "<group>"; };
		B7374FC220BF349C00BABE50 /* Label özellikleri.app */ = {isa = PBXFileReference; explicitFileType = wrapper.application; includeInIndex = 0; path = "Label özellikleri.app"; sourceTree = BUILT_PRODUCTS_DIR; };
		B7374FC520BF349C00BABE50 /* AppDelegate.swift */ = {isa = PBXFileReference; lastKnownFileType = sourcecode.swift; path = AppDelegate.swift; sourceTree = "<group>"; };
		B7374FC720BF349C00BABE50 /* ViewController.swift */ = {isa = PBXFileReference; lastKnownFileType = sourcecode.swift; path = ViewController.swift; sourceTree = "<group>"; };
		B7374FCA20BF349C00BABE50 /* Base */ = {isa = PBXFileReference; lastKnownFileType = file.storyboard; name = Base; path = Base.lproj/Main.storyboard; sourceTree = "<group>"; };
		B7374FCC20BF349C00BABE50 /* Assets.xcassets */ = {isa = PBXFileReference; lastKnownFileType = folder.assetcatalog; path = Assets.xcassets; sourceTree = "<group>"; };
		B7374FCF20BF349C00BABE50 /* Base */ = {isa = PBXFileReference; lastKnownFileType = file.storyboard; name = Base; path = Base.lproj/LaunchScreen.storyboard; sourceTree = "<group>"; };
		B7374FD120BF349C00BABE50 /* Info.plist */ = {isa = PBXFileReference; lastKnownFileType = text.plist.xml; path = Info.plist; sourceTree = "<group>"; };
/* End PBXFileReference section */

/* Begin PBXFrameworksBuildPhase section */
		B7374FBF20BF349C00BABE50 /* Frameworks */ = {
			isa = PBXFrameworksBuildPhase;
			buildActionMask = 2147483647;
			files = (
			);
			runOnlyForDeploymentPostprocessing = 0;
		};
/* End PBXFrameworksBuildPhase section */

/* Begin PBXGroup section */
		B7374FB920BF349B00BABE50 = {
			isa = PBXGroup;
			children = (
				B7374FC420BF349C00BABE50 /* Label özellikleri */,
				B7374FC320BF349C00BABE50 /* Products */,
			);
			sourceTree = "<group>";
		};
		B7374FC320BF349C00BABE50 /* Products */ = {
			isa = PBXGroup;
			children = (
				B7374FC220BF349C00BABE50 /* Label özellikleri.app */,
			);
			name = Products;
			sourceTree = "<group>";
		};
		B7374FC420BF349C00BABE50 /* Label özellikleri */ = {
			isa = PBXGroup;
			children = (
				B7374FC520BF349C00BABE50 /* AppDelegate.swift */,
				B7374FC720BF349C00BABE50 /* ViewController.swift */,
				B713BE6720F0C69F00CFE69B /* desen.jpg */,
				B7374FC920BF349C00BABE50 /* Main.storyboard */,
				B7374FCC20BF349C00BABE50 /* Assets.xcassets */,
				B7374FCE20BF349C00BABE50 /* LaunchScreen.storyboard */,
				B7374FD120BF349C00BABE50 /* Info.plist */,
			);
			path = "Label özellikleri";
			sourceTree = "<group>";
		};
/* End PBXGroup section */

/* Begin PBXNativeTarget section */
		B7374FC120BF349C00BABE50 /* Label özellikleri */ = {
			isa = PBXNativeTarget;
			buildConfigurationList = B7374FD420BF349C00BABE50 /* Build configuration list for PBXNativeTarget "Label özellikleri" */;
			buildPhases = (
				B7374FBE20BF349C00BABE50 /* Sources */,
				B7374FBF20BF349C00BABE50 /* Frameworks */,
				B7374FC020BF349C00BABE50 /* Resources */,
			);
			buildRules = (
			);
			dependencies = (
			);
			name = "Label özellikleri";
			productName = "Label özellikleri";
			productReference = B7374FC220BF349C00BABE50 /* Label özellikleri.app */;
			productType = "com.apple.product-type.application";
		};
/* End PBXNativeTarget section */

/* Begin PBXProject section */
		B7374FBA20BF349B00BABE50 /* Project object */ = {
			isa = PBXProject;
			attributes = {
				LastSwiftUpdateCheck = 0930;
				LastUpgradeCheck = 0930;
				ORGANIZATIONNAME = "CAN Soft";
				TargetAttributes = {
					B7374FC120BF349C00BABE50 = {
						CreatedOnToolsVersion = 9.3.1;
					};
				};
			};
			buildConfigurationList = B7374FBD20BF349B00BABE50 /* Build configuration list for PBXProject "Label özellikleri" */;
			compatibilityVersion = "Xcode 9.3";
			developmentRegion = en;
			hasScannedForEncodings = 0;
			knownRegions = (
				en,
				Base,
			);
			mainGroup = B7374FB920BF349B00BABE50;
			productRefGroup = B7374FC320BF349C00BABE50 /* Products */;
			projectDirPath = "";
			projectRoot = "";
			targets = (
				B7374FC120BF349C00BABE50 /* Label özellikleri */,
			);
		};
/* End PBXProject section */

/* Begin PBXResourcesBuildPhase section */
		B7374FC020BF349C00BABE50 /* Resources */ = {
			isa = PBXResourcesBuildPhase;
			buildActionMask = 2147483647;
			files = (
				B7374FD020BF349C00BABE50 /* LaunchScreen.storyboard in Resources */,
				B7374FCD20BF349C00BABE50 /* Assets.xcassets in Resources */,
				B7374FCB20BF349C00BABE50 /* Main.storyboard in Resources */,
				B713BE6820F0C69F00CFE69B /* desen.jpg in Resources */,
			);
			runOnlyForDeploymentPostprocessing = 0;
		};
/* End PBXResourcesBuildPhase section */

/* Begin PBXSourcesBuildPhase section */
		B7374FBE20BF349C00BABE50 /* Sources */ = {
			isa = PBXSourcesBuildPhase;
			buildActionMask = 2147483647;
			files = (
				B7374FC820BF349C00BABE50 /* ViewController.swift in Sources */,
				B7374FC620BF349C00BABE50 /* AppDelegate.swift in Sources */,
			);
			runOnlyForDeploymentPostprocessing = 0;
		};
/* End PBXSourcesBuildPhase section */

/* Begin PBXVariantGroup section */
		B7374FC920BF349C00BABE50 /* Main.storyboard */ = {
			isa = PBXVariantGroup;
			children = (
				B7374FCA20BF349C00BABE50 /* Base */,
			);
			name = Main.storyboard;
			sourceTree = "<group>";
		};
		B7374FCE20BF349C00BABE50 /* LaunchScreen.storyboard */ = {
			isa = PBXVariantGroup;
			children = (
				B7374FCF20BF349C00BABE50 /* Base */,
			);
			name = LaunchScreen.storyboard;
			sourceTree = "<group>";
		};
/* End PBXVariantGroup section */

/* Begin XCBuildConfiguration section */
		B7374FD220BF349C00BABE50 /* Debug */ = {
			isa = XCBuildConfiguration;
			buildSettings = {
				ALWAYS_SEARCH_USER_PATHS = NO;
				CLANG_ANALYZER_NONNULL = YES;
				CLANG_ANALYZER_NUMBER_OBJECT_CONVERSION = YES_AGGRESSIVE;
				CLANG_CXX_LANGUAGE_STANDARD = "gnu++14";
				CLANG_CXX_LIBRARY = "libc++";
				CLANG_ENABLE_MODULES = YES;
				CLANG_ENABLE_OBJC_ARC = YES;
				CLANG_ENABLE_OBJC_WEAK = YES;
				CLANG_WARN_BLOCK_CAPTURE_AUTORELEASING = YES;
				CLANG_WARN_BOOL_CONVERSION = YES;
				CLANG_WARN_COMMA = YES;
				CLANG_WARN_CONSTANT_CONVERSION = YES;
				CLANG_WARN_DEPRECATED_OBJC_IMPLEMENTATIONS = YES;
				CLANG_WARN_DIRECT_OBJC_ISA_USAGE = YES_ERROR;
				CLANG_WARN_DOCUMENTATION_COMMENTS = YES;
				CLANG_WARN_EMPTY_BODY = YES;
				CLANG_WARN_ENUM_CONVERSION = YES;
				CLANG_WARN_INFINITE_RECURSION = YES;
				CLANG_WARN_INT_CONVERSION = YES;
				CLANG_WARN_NON_LITERAL_NULL_CONVERSION = YES;
				CLANG_WARN_OBJC_IMPLICIT_RETAIN_SELF = YES;
				CLANG_WARN_OBJC_LITERAL_CONVERSION = YES;
				CLANG_WARN_OBJC_ROOT_CLASS = YES_ERROR;
				CLANG_WARN_RANGE_LOOP_ANALYSIS = YES;
				CLANG_WARN_STRICT_PROTOTYPES = YES;
				CLANG_WARN_SUSPICIOUS_MOVE = YES;
				CLANG_WARN_UNGUARDED_AVAILABILITY = YES_AGGRESSIVE;
				CLANG_WARN_UNREACHABLE_CODE = YES;
				CLANG_WARN__DUPLICATE_METHOD_MATCH = YES;
				CODE_SIGN_IDENTITY = "iPhone Developer";
				COPY_PHASE_STRIP = NO;
				DEBUG_INFORMATION_FORMAT = dwarf;
				ENABLE_STRICT_OBJC_MSGSEND = YES;
				ENABLE_TESTABILITY = YES;
				GCC_C_LANGUAGE_STANDARD = gnu11;
				GCC_DYNAMIC_NO_PIC = NO;
				GCC_NO_COMMON_BLOCKS = YES;
				GCC_OPTIMIZATION_LEVEL = 0;
				GCC_PREPROCESSOR_DEFINITIONS = (
					"DEBUG=1",
					"$(inherited)",
				);
				GCC_WARN_64_TO_32_BIT_CONVERSION = YES;
				GCC_WARN_ABOUT_RETURN_TYPE = YES_ERROR;
				GCC_WARN_UNDECLARED_SELECTOR = YES;
				GCC_WARN_UNINITIALIZED_AUTOS = YES_AGGRESSIVE;
				GCC_WARN_UNUSED_FUNCTION = YES;
				GCC_WARN_UNUSED_VARIABLE = YES;
				IPHONEOS_DEPLOYMENT_TARGET = 11.3;
				MTL_ENABLE_DEBUG_INFO = YES;
				ONLY_ACTIVE_ARCH = YES;
				SDKROOT = iphoneos;
				SWIFT_ACTIVE_COMPILATION_CONDITIONS = DEBUG;
				SWIFT_OPTIMIZATION_LEVEL = "-Onone";
			};
			name = Debug;
		};
		B7374FD320BF349C00BABE50 /* Release */ = {
			isa = XCBuildConfiguration;
			buildSettings = {
				ALWAYS_SEARCH_USER_PATHS = NO;
				CLANG_ANALYZER_NONNULL = YES;
				CLANG_ANALYZER_NUMBER_OBJECT_CONVERSION = YES_AGGRESSIVE;
				CLANG_CXX_LANGUAGE_STANDARD = "gnu++14";
				CLANG_CXX_LIBRARY = "libc++";
				CLANG_ENABLE_MODULES = YES;
				CLANG_ENABLE_OBJC_ARC = YES;
				CLANG_ENABLE_OBJC_WEAK = YES;
				CLANG_WARN_BLOCK_CAPTURE_AUTORELEASING = YES;
				CLANG_WARN_BOOL_CONVERSION = YES;
				CLANG_WARN_COMMA = YES;
				CLANG_WARN_CONSTANT_CONVERSION = YES;
				CLANG_WARN_DEPRECATED_OBJC_IMPLEMENTATIONS = YES;
				CLANG_WARN_DIRECT_OBJC_ISA_USAGE = YES_ERROR;
				CLANG_WARN_DOCUMENTATION_COMMENTS = YES;
				CLANG_WARN_EMPTY_BODY = YES;
				CLANG_WARN_ENUM_CONVERSION = YES;
				CLANG_WARN_INFINITE_RECURSION = YES;
				CLANG_WARN_INT_CONVERSION = YES;
				CLANG_WARN_NON_LITERAL_NULL_CONVERSION = YES;
				CLANG_WARN_OBJC_IMPLICIT_RETAIN_SELF = YES;
				CLANG_WARN_OBJC_LITERAL_CONVERSION = YES;
				CLANG_WARN_OBJC_ROOT_CLASS = YES_ERROR;
				CLANG_WARN_RANGE_LOOP_ANALYSIS = YES;
				CLANG_WARN_STRICT_PROTOTYPES = YES;
				CLANG_WARN_SUSPICIOUS_MOVE = YES;
				CLANG_WARN_UNGUARDED_AVAILABILITY = YES_AGGRESSIVE;
				CLANG_WARN_UNREACHABLE_CODE = YES;
				CLANG_WARN__DUPLICATE_METHOD_MATCH = YES;
				CODE_SIGN_IDENTITY = "iPhone Developer";
				COPY_PHASE_STRIP = NO;
				DEBUG_INFORMATION_FORMAT = "dwarf-with-dsym";
				ENABLE_NS_ASSERTIONS = NO;
				ENABLE_STRICT_OBJC_MSGSEND = YES;
				GCC_C_LANGUAGE_STANDARD = gnu11;
				GCC_NO_COMMON_BLOCKS = YES;
				GCC_WARN_64_TO_32_BIT_CONVERSION = YES;
				GCC_WARN_ABOUT_RETURN_TYPE = YES_ERROR;
				GCC_WARN_UNDECLARED_SELECTOR = YES;
				GCC_WARN_UNINITIALIZED_AUTOS = YES_AGGRESSIVE;
				GCC_WARN_UNUSED_FUNCTION = YES;
				GCC_WARN_UNUSED_VARIABLE = YES;
				IPHONEOS_DEPLOYMENT_TARGET = 11.3;
				MTL_ENABLE_DEBUG_INFO = NO;
				SDKROOT = iphoneos;
				SWIFT_COMPILATION_MODE = wholemodule;
				SWIFT_OPTIMIZATION_LEVEL = "-O";
				VALIDATE_PRODUCT = YES;
			};
			name = Release;
		};
		B7374FD520BF349C00BABE50 /* Debug */ = {
			isa = XCBuildConfiguration;
			buildSettings = {
				ASSETCATALOG_COMPILER_APPICON_NAME = AppIcon;
				CODE_SIGN_STYLE = Automatic;
				DEVELOPMENT_TEAM = VJVB5DZ59D;
				INFOPLIST_FILE = "Label özellikleri/Info.plist";
				LD_RUNPATH_SEARCH_PATHS = (
					"$(inherited)",
					"@executable_path/Frameworks",
				);
				PRODUCT_BUNDLE_IDENTIFIER = "com.aydincan77.Label-o-zellikleri";
				PRODUCT_NAME = "$(TARGET_NAME)";
				SWIFT_VERSION = 4.0;
				TARGETED_DEVICE_FAMILY = "1,2";
			};
			name = Debug;
		};
		B7374FD620BF349C00BABE50 /* Release */ = {
			isa = XCBuildConfiguration;
			buildSettings = {
				ASSETCATALOG_COMPILER_APPICON_NAME = AppIcon;
				CODE_SIGN_STYLE = Automatic;
				DEVELOPMENT_TEAM = VJVB5DZ59D;
				INFOPLIST_FILE = "Label özellikleri/Info.plist";
				LD_RUNPATH_SEARCH_PATHS = (
					"$(inherited)",
					"@executable_path/Frameworks",
				);
				PRODUCT_BUNDLE_IDENTIFIER = "com.aydincan77.Label-o-zellikleri";
				PRODUCT_NAME = "$(TARGET_NAME)";
				SWIFT_VERSION = 4.0;
				TARGETED_DEVICE_FAMILY = "1,2";
			};
			name = Release;
		};
/* End XCBuildConfiguration section */

/* Begin XCConfigurationList section */
		B7374FBD20BF349B00BABE50 /* Build configuration list for PBXProject "Label özellikleri" */ = {
			isa = XCConfigurationList;
			buildConfigurations = (
				B7374FD220BF349C00BABE50 /* Debug */,
				B7374FD320BF349C00BABE50 /* Release */,
			);
			defaultConfigurationIsVisible = 0;
			defaultConfigurationName = Release;
		};
		B7374FD420BF349C00BABE50 /* Build configuration list for PBXNativeTarget "Label özellikleri" */ = {
			isa = XCConfigurationList;
			buildConfigurations = (
				B7374FD520BF349C00BABE50 /* Debug */,
				B7374FD620BF349C00BABE50 /* Release */,
			);
			defaultConfigurationIsVisible = 0;
			defaultConfigurationName = Release;
		};
/* End XCConfigurationList section */
	};
	rootObject = B7374FBA20BF349B00BABE50 /* Project object */;
}
