// !$*UTF8*$!
{
	archiveVersion = 1;
	classes = {
	};
	objectVersion = 50;
	objects = {

/* Begin PBXBuildFile section */
		B7138ED62118DF8200AED0BF /* AppDelegate.swift in Sources */ = {isa = PBXBuildFile; fileRef = B7138ED52118DF8200AED0BF /* AppDelegate.swift */; };
		B7138ED82118DF8200AED0BF /* ViewController.swift in Sources */ = {isa = PBXBuildFile; fileRef = B7138ED72118DF8200AED0BF /* ViewController.swift */; };
		B7138EDB2118DF8200AED0BF /* Main.storyboard in Resources */ = {isa = PBXBuildFile; fileRef = B7138ED92118DF8200AED0BF /* Main.storyboard */; };
		B7138EDD2118DF8200AED0BF /* Assets.xcassets in Resources */ = {isa = PBXBuildFile; fileRef = B7138EDC2118DF8200AED0BF /* Assets.xcassets */; };
		B7138EE02118DF8200AED0BF /* LaunchScreen.storyboard in Resources */ = {isa = PBXBuildFile; fileRef = B7138EDE2118DF8200AED0BF /* LaunchScreen.storyboard */; };
		B7B1FBBB212AEF6300528C30 /* a.png in Resources */ = {isa = PBXBuildFile; fileRef = B7B1FBBA212AEF6300528C30 /* a.png */; };
/* End PBXBuildFile section */

/* Begin PBXFileReference section */
		B7138ED22118DF8200AED0BF /* UITextField Özellikleri.app */ = {isa = PBXFileReference; explicitFileType = wrapper.application; includeInIndex = 0; path = "UITextField Özellikleri.app"; sourceTree = BUILT_PRODUCTS_DIR; };
		B7138ED52118DF8200AED0BF /* AppDelegate.swift */ = {isa = PBXFileReference; lastKnownFileType = sourcecode.swift; path = AppDelegate.swift; sourceTree = "<group>"; };
		B7138ED72118DF8200AED0BF /* ViewController.swift */ = {isa = PBXFileReference; lastKnownFileType = sourcecode.swift; path = ViewController.swift; sourceTree = "<group>"; };
		B7138EDA2118DF8200AED0BF /* Base */ = {isa = PBXFileReference; lastKnownFileType = file.storyboard; name = Base; path = Base.lproj/Main.storyboard; sourceTree = "<group>"; };
		B7138EDC2118DF8200AED0BF /* Assets.xcassets */ = {isa = PBXFileReference; lastKnownFileType = folder.assetcatalog; path = Assets.xcassets; sourceTree = "<group>"; };
		B7138EDF2118DF8200AED0BF /* Base */ = {isa = PBXFileReference; lastKnownFileType = file.storyboard; name = Base; path = Base.lproj/LaunchScreen.storyboard; sourceTree = "<group>"; };
		B7138EE12118DF8200AED0BF /* Info.plist */ = {isa = PBXFileReference; lastKnownFileType = text.plist.xml; path = Info.plist; sourceTree = "<group>"; };
		B7B1FBBA212AEF6300528C30 /* a.png */ = {isa = PBXFileReference; lastKnownFileType = image.png; path = a.png; sourceTree = "<group>"; };
/* End PBXFileReference section */

/* Begin PBXFrameworksBuildPhase section */
		B7138ECF2118DF8200AED0BF /* Frameworks */ = {
			isa = PBXFrameworksBuildPhase;
			buildActionMask = 2147483647;
			files = (
			);
			runOnlyForDeploymentPostprocessing = 0;
		};
/* End PBXFrameworksBuildPhase section */

/* Begin PBXGroup section */
		B7138EC92118DF8200AED0BF = {
			isa = PBXGroup;
			children = (
				B7138ED42118DF8200AED0BF /* UITextField Özellikleri */,
				B7138ED32118DF8200AED0BF /* Products */,
			);
			sourceTree = "<group>";
		};
		B7138ED32118DF8200AED0BF /* Products */ = {
			isa = PBXGroup;
			children = (
				B7138ED22118DF8200AED0BF /* UITextField Özellikleri.app */,
			);
			name = Products;
			sourceTree = "<group>";
		};
		B7138ED42118DF8200AED0BF /* UITextField Özellikleri */ = {
			isa = PBXGroup;
			children = (
				B7138ED52118DF8200AED0BF /* AppDelegate.swift */,
				B7138ED72118DF8200AED0BF /* ViewController.swift */,
				B7B1FBBA212AEF6300528C30 /* a.png */,
				B7138ED92118DF8200AED0BF /* Main.storyboard */,
				B7138EDC2118DF8200AED0BF /* Assets.xcassets */,
				B7138EDE2118DF8200AED0BF /* LaunchScreen.storyboard */,
				B7138EE12118DF8200AED0BF /* Info.plist */,
			);
			path = "UITextField Özellikleri";
			sourceTree = "<group>";
		};
/* End PBXGroup section */

/* Begin PBXNativeTarget section */
		B7138ED12118DF8200AED0BF /* UITextField Özellikleri */ = {
			isa = PBXNativeTarget;
			buildConfigurationList = B7138EE42118DF8200AED0BF /* Build configuration list for PBXNativeTarget "UITextField Özellikleri" */;
			buildPhases = (
				B7138ECE2118DF8200AED0BF /* Sources */,
				B7138ECF2118DF8200AED0BF /* Frameworks */,
				B7138ED02118DF8200AED0BF /* Resources */,
			);
			buildRules = (
			);
			dependencies = (
			);
			name = "UITextField Özellikleri";
			productName = "UITextField Özellikleri";
			productReference = B7138ED22118DF8200AED0BF /* UITextField Özellikleri.app */;
			productType = "com.apple.product-type.application";
		};
/* End PBXNativeTarget section */

/* Begin PBXProject section */
		B7138ECA2118DF8200AED0BF /* Project object */ = {
			isa = PBXProject;
			attributes = {
				LastSwiftUpdateCheck = 0940;
				LastUpgradeCheck = 0940;
				ORGANIZATIONNAME = "CAN Soft";
				TargetAttributes = {
					B7138ED12118DF8200AED0BF = {
						CreatedOnToolsVersion = 9.4.1;
						LastSwiftMigration = 1000;
					};
				};
			};
			buildConfigurationList = B7138ECD2118DF8200AED0BF /* Build configuration list for PBXProject "UITextField Özellikleri" */;
			compatibilityVersion = "Xcode 9.3";
			developmentRegion = en;
			hasScannedForEncodings = 0;
			knownRegions = (
				en,
				Base,
			);
			mainGroup = B7138EC92118DF8200AED0BF;
			productRefGroup = B7138ED32118DF8200AED0BF /* Products */;
			projectDirPath = "";
			projectRoot = "";
			targets = (
				B7138ED12118DF8200AED0BF /* UITextField Özellikleri */,
			);
		};
/* End PBXProject section */

/* Begin PBXResourcesBuildPhase section */
		B7138ED02118DF8200AED0BF /* Resources */ = {
			isa = PBXResourcesBuildPhase;
			buildActionMask = 2147483647;
			files = (
				B7138EE02118DF8200AED0BF /* LaunchScreen.storyboard in Resources */,
				B7B1FBBB212AEF6300528C30 /* a.png in Resources */,
				B7138EDD2118DF8200AED0BF /* Assets.xcassets in Resources */,
				B7138EDB2118DF8200AED0BF /* Main.storyboard in Resources */,
			);
			runOnlyForDeploymentPostprocessing = 0;
		};
/* End PBXResourcesBuildPhase section */

/* Begin PBXSourcesBuildPhase section */
		B7138ECE2118DF8200AED0BF /* Sources */ = {
			isa = PBXSourcesBuildPhase;
			buildActionMask = 2147483647;
			files = (
				B7138ED82118DF8200AED0BF /* ViewController.swift in Sources */,
				B7138ED62118DF8200AED0BF /* AppDelegate.swift in Sources */,
			);
			runOnlyForDeploymentPostprocessing = 0;
		};
/* End PBXSourcesBuildPhase section */

/* Begin PBXVariantGroup section */
		B7138ED92118DF8200AED0BF /* Main.storyboard */ = {
			isa = PBXVariantGroup;
			children = (
				B7138EDA2118DF8200AED0BF /* Base */,
			);
			name = Main.storyboard;
			sourceTree = "<group>";
		};
		B7138EDE2118DF8200AED0BF /* LaunchScreen.storyboard */ = {
			isa = PBXVariantGroup;
			children = (
				B7138EDF2118DF8200AED0BF /* Base */,
			);
			name = LaunchScreen.storyboard;
			sourceTree = "<group>";
		};
/* End PBXVariantGroup section */

/* Begin XCBuildConfiguration section */
		B7138EE22118DF8200AED0BF /* Debug */ = {
			isa = XCBuildConfiguration;
			buildSettings = {
				ALWAYS_SEARCH_USER_PATHS = NO;
				CLANG_ANALYZER_NONNULL = YES;
				CLANG_ANALYZER_NUMBER_OBJECT_CONVERSION = YES_AGGRESSIVE;
				CLANG_CXX_LANGUAGE_STANDARD = "gnu++14";
				CLANG_CXX_LIBRARY = "libc++";
				CLANG_ENABLE_MODULES = YES;
				CLANG_ENABLE_OBJC_ARC = YES;
				CLANG_ENABLE_OBJC_WEAK = YES;
				CLANG_WARN_BLOCK_CAPTURE_AUTORELEASING = YES;
				CLANG_WARN_BOOL_CONVERSION = YES;
				CLANG_WARN_COMMA = YES;
				CLANG_WARN_CONSTANT_CONVERSION = YES;
				CLANG_WARN_DEPRECATED_OBJC_IMPLEMENTATIONS = YES;
				CLANG_WARN_DIRECT_OBJC_ISA_USAGE = YES_ERROR;
				CLANG_WARN_DOCUMENTATION_COMMENTS = YES;
				CLANG_WARN_EMPTY_BODY = YES;
				CLANG_WARN_ENUM_CONVERSION = YES;
				CLANG_WARN_INFINITE_RECURSION = YES;
				CLANG_WARN_INT_CONVERSION = YES;
				CLANG_WARN_NON_LITERAL_NULL_CONVERSION = YES;
				CLANG_WARN_OBJC_IMPLICIT_RETAIN_SELF = YES;
				CLANG_WARN_OBJC_LITERAL_CONVERSION = YES;
				CLANG_WARN_OBJC_ROOT_CLASS = YES_ERROR;
				CLANG_WARN_RANGE_LOOP_ANALYSIS = YES;
				CLANG_WARN_STRICT_PROTOTYPES = YES;
				CLANG_WARN_SUSPICIOUS_MOVE = YES;
				CLANG_WARN_UNGUARDED_AVAILABILITY = YES_AGGRESSIVE;
				CLANG_WARN_UNREACHABLE_CODE = YES;
				CLANG_WARN__DUPLICATE_METHOD_MATCH = YES;
				CODE_SIGN_IDENTITY = "iPhone Developer";
				COPY_PHASE_STRIP = NO;
				DEBUG_INFORMATION_FORMAT = dwarf;
				ENABLE_STRICT_OBJC_MSGSEND = YES;
				ENABLE_TESTABILITY = YES;
				GCC_C_LANGUAGE_STANDARD = gnu11;
				GCC_DYNAMIC_NO_PIC = NO;
				GCC_NO_COMMON_BLOCKS = YES;
				GCC_OPTIMIZATION_LEVEL = 0;
				GCC_PREPROCESSOR_DEFINITIONS = (
					"DEBUG=1",
					"$(inherited)",
				);
				GCC_WARN_64_TO_32_BIT_CONVERSION = YES;
				GCC_WARN_ABOUT_RETURN_TYPE = YES_ERROR;
				GCC_WARN_UNDECLARED_SELECTOR = YES;
				GCC_WARN_UNINITIALIZED_AUTOS = YES_AGGRESSIVE;
				GCC_WARN_UNUSED_FUNCTION = YES;
				GCC_WARN_UNUSED_VARIABLE = YES;
				IPHONEOS_DEPLOYMENT_TARGET = 11.4;
				MTL_ENABLE_DEBUG_INFO = YES;
				ONLY_ACTIVE_ARCH = YES;
				SDKROOT = iphoneos;
				SWIFT_ACTIVE_COMPILATION_CONDITIONS = DEBUG;
				SWIFT_OPTIMIZATION_LEVEL = "-Onone";
			};
			name = Debug;
		};
		B7138EE32118DF8200AED0BF /* Release */ = {
			isa = XCBuildConfiguration;
			buildSettings = {
				ALWAYS_SEARCH_USER_PATHS = NO;
				CLANG_ANALYZER_NONNULL = YES;
				CLANG_ANALYZER_NUMBER_OBJECT_CONVERSION = YES_AGGRESSIVE;
				CLANG_CXX_LANGUAGE_STANDARD = "gnu++14";
				CLANG_CXX_LIBRARY = "libc++";
				CLANG_ENABLE_MODULES = YES;
				CLANG_ENABLE_OBJC_ARC = YES;
				CLANG_ENABLE_OBJC_WEAK = YES;
				CLANG_WARN_BLOCK_CAPTURE_AUTORELEASING = YES;
				CLANG_WARN_BOOL_CONVERSION = YES;
				CLANG_WARN_COMMA = YES;
				CLANG_WARN_CONSTANT_CONVERSION = YES;
				CLANG_WARN_DEPRECATED_OBJC_IMPLEMENTATIONS = YES;
				CLANG_WARN_DIRECT_OBJC_ISA_USAGE = YES_ERROR;
				CLANG_WARN_DOCUMENTATION_COMMENTS = YES;
				CLANG_WARN_EMPTY_BODY = YES;
				CLANG_WARN_ENUM_CONVERSION = YES;
				CLANG_WARN_INFINITE_RECURSION = YES;
				CLANG_WARN_INT_CONVERSION = YES;
				CLANG_WARN_NON_LITERAL_NULL_CONVERSION = YES;
				CLANG_WARN_OBJC_IMPLICIT_RETAIN_SELF = YES;
				CLANG_WARN_OBJC_LITERAL_CONVERSION = YES;
				CLANG_WARN_OBJC_ROOT_CLASS = YES_ERROR;
				CLANG_WARN_RANGE_LOOP_ANALYSIS = YES;
				CLANG_WARN_STRICT_PROTOTYPES = YES;
				CLANG_WARN_SUSPICIOUS_MOVE = YES;
				CLANG_WARN_UNGUARDED_AVAILABILITY = YES_AGGRESSIVE;
				CLANG_WARN_UNREACHABLE_CODE = YES;
				CLANG_WARN__DUPLICATE_METHOD_MATCH = YES;
				CODE_SIGN_IDENTITY = "iPhone Developer";
				COPY_PHASE_STRIP = NO;
				DEBUG_INFORMATION_FORMAT = "dwarf-with-dsym";
				ENABLE_NS_ASSERTIONS = NO;
				ENABLE_STRICT_OBJC_MSGSEND = YES;
				GCC_C_LANGUAGE_STANDARD = gnu11;
				GCC_NO_COMMON_BLOCKS = YES;
				GCC_WARN_64_TO_32_BIT_CONVERSION = YES;
				GCC_WARN_ABOUT_RETURN_TYPE = YES_ERROR;
				GCC_WARN_UNDECLARED_SELECTOR = YES;
				GCC_WARN_UNINITIALIZED_AUTOS = YES_AGGRESSIVE;
				GCC_WARN_UNUSED_FUNCTION = YES;
				GCC_WARN_UNUSED_VARIABLE = YES;
				IPHONEOS_DEPLOYMENT_TARGET = 11.4;
				MTL_ENABLE_DEBUG_INFO = NO;
				SDKROOT = iphoneos;
				SWIFT_COMPILATION_MODE = wholemodule;
				SWIFT_OPTIMIZATION_LEVEL = "-O";
				VALIDATE_PRODUCT = YES;
			};
			name = Release;
		};
		B7138EE52118DF8200AED0BF /* Debug */ = {
			isa = XCBuildConfiguration;
			buildSettings = {
				ASSETCATALOG_COMPILER_APPICON_NAME = AppIcon;
				CODE_SIGN_STYLE = Automatic;
				DEVELOPMENT_TEAM = VJVB5DZ59D;
				INFOPLIST_FILE = "UITextField Özellikleri/Info.plist";
				LD_RUNPATH_SEARCH_PATHS = (
					"$(inherited)",
					"@executable_path/Frameworks",
				);
				PRODUCT_BUNDLE_IDENTIFIER = "com.aydincan77.UITextField-O-zellikleri";
				PRODUCT_NAME = "$(TARGET_NAME)";
				SWIFT_VERSION = 4.2;
				TARGETED_DEVICE_FAMILY = "1,2";
			};
			name = Debug;
		};
		B7138EE62118DF8200AED0BF /* Release */ = {
			isa = XCBuildConfiguration;
			buildSettings = {
				ASSETCATALOG_COMPILER_APPICON_NAME = AppIcon;
				CODE_SIGN_STYLE = Automatic;
				DEVELOPMENT_TEAM = VJVB5DZ59D;
				INFOPLIST_FILE = "UITextField Özellikleri/Info.plist";
				LD_RUNPATH_SEARCH_PATHS = (
					"$(inherited)",
					"@executable_path/Frameworks",
				);
				PRODUCT_BUNDLE_IDENTIFIER = "com.aydincan77.UITextField-O-zellikleri";
				PRODUCT_NAME = "$(TARGET_NAME)";
				SWIFT_VERSION = 4.2;
				TARGETED_DEVICE_FAMILY = "1,2";
			};
			name = Release;
		};
/* End XCBuildConfiguration section */

/* Begin XCConfigurationList section */
		B7138ECD2118DF8200AED0BF /* Build configuration list for PBXProject "UITextField Özellikleri" */ = {
			isa = XCConfigurationList;
			buildConfigurations = (
				B7138EE22118DF8200AED0BF /* Debug */,
				B7138EE32118DF8200AED0BF /* Release */,
			);
			defaultConfigurationIsVisible = 0;
			defaultConfigurationName = Release;
		};
		B7138EE42118DF8200AED0BF /* Build configuration list for PBXNativeTarget "UITextField Özellikleri" */ = {
			isa = XCConfigurationList;
			buildConfigurations = (
				B7138EE52118DF8200AED0BF /* Debug */,
				B7138EE62118DF8200AED0BF /* Release */,
			);
			defaultConfigurationIsVisible = 0;
			defaultConfigurationName = Release;
		};
/* End XCConfigurationList section */
	};
	rootObject = B7138ECA2118DF8200AED0BF /* Project object */;
}
